
Microsoft Visual Studio Solution File, Format Version 12.00
# Visual Studio Version 16
VisualStudioVersion = 16.0.29102.190
MinimumVisualStudioVersion = 10.0.40219.1
Project("{FAE04EC0-301F-11D3-BF4B-00C04F79EFBC}") = "EnrouteAPI", "EnrouteAPI\EnrouteAPI.csproj", "{71CBAD7F-B9D5-4858-8D03-0CCD28BB6545}"
EndProject
Global
	GlobalSection(SolutionConfigurationPlatforms) = preSolution
		Debug|Any CPU = Debug|Any CPU
		Release|Any CPU = Release|Any CPU
	EndGlobalSection
	GlobalSection(ProjectConfigurationPlatforms) = postSolution
		{71CBAD7F-B9D5-4858-8D03-0CCD28BB6545}.Debug|Any CPU.ActiveCfg = Debug|Any CPU
		{71CBAD7F-B9D5-4858-8D03-0CCD28BB6545}.Debug|Any CPU.Build.0 = Debug|Any CPU
		{71CBAD7F-B9D5-4858-8D03-0CCD28BB6545}.Release|Any CPU.ActiveCfg = Release|Any CPU
		{71CBAD7F-B9D5-4858-8D03-0CCD28BB6545}.Release|Any CPU.Build.0 = Release|Any CPU
	EndGlobalSection
	GlobalSection(SolutionProperties) = preSolution
		HideSolutionNode = FALSE
	EndGlobalSection
	GlobalSection(ExtensibilityGlobals) = postSolution
		SolutionGuid = {54127A90-CDBA-4E83-8777-102595C36B74}
	EndGlobalSection
EndGlobal
